[[package]]
name = "cc"
version = "1.0.23"
source = "registry+https://github.com/rust-lang/crates.io-index"

[[package]]
name = "pkg-config"
version = "0.3.14"
source = "registry+https://github.com/rust-lang/crates.io-index"

[[package]]
name = "undefinedsync"
version = "0.1.0"
dependencies = [
 "webview 0.1.1 (registry+https://github.com/rust-lang/crates.io-index)",
]

[[package]]
name = "urlencoding"
version = "1.0.0"
source = "registry+https://github.com/rust-lang/crates.io-index"

[[package]]
name = "webview"
version = "0.1.1"
source = "registry+https://github.com/rust-lang/crates.io-index"
dependencies = [
 "cc 1.0.23 (registry+https://github.com/rust-lang/crates.io-index)",
 "pkg-config 0.3.14 (registry+https://github.com/rust-lang/crates.io-index)",
 "urlencoding 1.0.0 (registry+https://github.com/rust-lang/crates.io-index)",
]

[metadata]
"checksum cc 1.0.23 (registry+https://github.com/rust-lang/crates.io-index)" = "c37f0efaa4b9b001fa6f02d4b644dee4af97d3414df07c51e3e4f015f3a3e131"
"checksum pkg-config 0.3.14 (registry+https://github.com/rust-lang/crates.io-index)" = "676e8eb2b1b4c9043511a9b7bea0915320d7e502b0a079fb03f9635a5252b18c"
"checksum urlencoding 1.0.0 (registry+https://github.com/rust-lang/crates.io-index)" = "3df3561629a8bb4c57e5a2e4c43348d9e29c7c29d9b1c4c1f47166deca8f37ed"
"checksum webview 0.1.1 (registry+https://github.com/rust-lang/crates.io-index)" = "83c79d51e41e5ac12465aa7ee53129fc801b9abad89b244188955f706df123d5"
